
Microsoft Visual Studio Solution File, Format Version 12.00
# Visual Studio Version 17
VisualStudioVersion = 17.6.33723.286
MinimumVisualStudioVersion = 10.0.40219.1
Project("{9A19103F-16F7-4668-BE54-9A1E7A4F7556}") = "HalloDoc", "HalloDoc\HalloDoc.csproj", "{1BD99B7A-BB92-4635-83B1-88E366E1ADAB}"
EndProject
Project("{FAE04EC0-301F-11D3-BF4B-00C04F79EFBC}") = "HalloDoc.DataAccess", "HalloDoc.DataAccess\HalloDoc.DataAccess.csproj", "{180A79D3-34F0-4FA9-8466-3295B7573C11}"
EndProject
Project("{FAE04EC0-301F-11D3-BF4B-00C04F79EFBC}") = "HalloDoc.BussinessAccess", "HalloDoc.BussinessAccess\HalloDoc.BussinessAccess.csproj", "{38EF67F7-F4BC-49F6-A658-1C2F58C9A31E}"
EndProject
Global
	GlobalSection(SolutionConfigurationPlatforms) = preSolution
		Debug|Any CPU = Debug|Any CPU
		Release|Any CPU = Release|Any CPU
	EndGlobalSection
	GlobalSection(ProjectConfigurationPlatforms) = postSolution
		{1BD99B7A-BB92-4635-83B1-88E366E1ADAB}.Debug|Any CPU.ActiveCfg = Debug|Any CPU
		{1BD99B7A-BB92-4635-83B1-88E366E1ADAB}.Debug|Any CPU.Build.0 = Debug|Any CPU
		{1BD99B7A-BB92-4635-83B1-88E366E1ADAB}.Release|Any CPU.ActiveCfg = Release|Any CPU
		{1BD99B7A-BB92-4635-83B1-88E366E1ADAB}.Release|Any CPU.Build.0 = Release|Any CPU
		{180A79D3-34F0-4FA9-8466-3295B7573C11}.Debug|Any CPU.ActiveCfg = Debug|Any CPU
		{180A79D3-34F0-4FA9-8466-3295B7573C11}.Debug|Any CPU.Build.0 = Debug|Any CPU
		{180A79D3-34F0-4FA9-8466-3295B7573C11}.Release|Any CPU.ActiveCfg = Release|Any CPU
		{180A79D3-34F0-4FA9-8466-3295B7573C11}.Release|Any CPU.Build.0 = Release|Any CPU
		{38EF67F7-F4BC-49F6-A658-1C2F58C9A31E}.Debug|Any CPU.ActiveCfg = Debug|Any CPU
		{38EF67F7-F4BC-49F6-A658-1C2F58C9A31E}.Debug|Any CPU.Build.0 = Debug|Any CPU
		{38EF67F7-F4BC-49F6-A658-1C2F58C9A31E}.Release|Any CPU.ActiveCfg = Release|Any CPU
		{38EF67F7-F4BC-49F6-A658-1C2F58C9A31E}.Release|Any CPU.Build.0 = Release|Any CPU
	EndGlobalSection
	GlobalSection(SolutionProperties) = preSolution
		HideSolutionNode = FALSE
	EndGlobalSection
	GlobalSection(ExtensibilityGlobals) = postSolution
		SolutionGuid = {C38ABC76-E11C-4198-9B71-A229F609F695}
	EndGlobalSection
EndGlobal
